{
  "requires": true,
  "lockfileVersion": 1,
  "dependencies": {
    "@ng-bootstrap/ng-bootstrap": {
      "version": "6.0.3",
      "resolved": "https://registry.npmjs.org/@ng-bootstrap/ng-bootstrap/-/ng-bootstrap-6.0.3.tgz",
      "integrity": "sha512-l3uD8Zxee5ezrlQUo5+OUibBXM/29WinQR/55Ec09neymjurnjzLdfjKKK3QHsZpgleUIRZ5eR6ENTOtPXn36g=="
    },
    "@types/bootstrap": {
      "version": "4.3.2",
      "resolved": "https://registry.npmjs.org/@types/bootstrap/-/bootstrap-4.3.2.tgz",
      "integrity": "sha512-ArJM2BsZ6KvPb7M3PGWNjlriFYP6gh3hINk76TTVXBqUiPYFOeyXA08gsVFSIjUqMitregBEqT79rvfgXEiLQQ==",
      "requires": {
        "@types/jquery": "*",
        "popper.js": "^1.14.1"
      }
    },
    "@types/jquery": {
      "version": "3.3.35",
      "resolved": "https://registry.npmjs.org/@types/jquery/-/jquery-3.3.35.tgz",
      "integrity": "sha512-pnIELWhHXJ7RgoFylhiTxD+96QlKBJfEx8JCLj963/dh7zBOKFkZ6rlNqbaCcn2JZrsAxCI8WhgRXznBx2iDsA==",
      "requires": {
        "@types/sizzle": "*"
      }
    },
    "@types/sizzle": {
      "version": "2.3.2",
      "resolved": "https://registry.npmjs.org/@types/sizzle/-/sizzle-2.3.2.tgz",
      "integrity": "sha512-7EJYyKTL7tFR8+gDbB6Wwz/arpGa0Mywk1TJbNzKzHtzbwVmY4HR9WqS5VV7dsBUKQmPNr192jHr/VpBluj/hg=="
    },
    "popper.js": {
      "version": "1.16.1",
      "resolved": "https://registry.npmjs.org/popper.js/-/popper.js-1.16.1.tgz",
      "integrity": "sha512-Wb4p1J4zyFTbM+u6WuO4XstYx4Ky9Cewe4DWrel7B0w6VVICvPwdOpotjzcf6eD8TsckVnIMNONQyPIUFOUbCQ=="
    }
  }
}
